
Microsoft Visual Studio Solution File, Format Version 12.00
# Visual Studio Version 17
VisualStudioVersion = 17.9.34728.123
MinimumVisualStudioVersion = 10.0.40219.1
Project("{FAE04EC0-301F-11D3-BF4B-00C04F79EFBC}") = "debug-application-ver2", "debug-application-ver2\debug-application-ver2.csproj", "{9239F58C-D904-4F66-84DC-9EC985CD525E}"
EndProject
Global
	GlobalSection(SolutionConfigurationPlatforms) = preSolution
		Debug|Any CPU = Debug|Any CPU
		Release|Any CPU = Release|Any CPU
	EndGlobalSection
	GlobalSection(ProjectConfigurationPlatforms) = postSolution
		{9239F58C-D904-4F66-84DC-9EC985CD525E}.Debug|Any CPU.ActiveCfg = Debug|Any CPU
		{9239F58C-D904-4F66-84DC-9EC985CD525E}.Debug|Any CPU.Build.0 = Debug|Any CPU
		{9239F58C-D904-4F66-84DC-9EC985CD525E}.Release|Any CPU.ActiveCfg = Release|Any CPU
		{9239F58C-D904-4F66-84DC-9EC985CD525E}.Release|Any CPU.Build.0 = Release|Any CPU
	EndGlobalSection
	GlobalSection(SolutionProperties) = preSolution
		HideSolutionNode = FALSE
	EndGlobalSection
	GlobalSection(ExtensibilityGlobals) = postSolution
		SolutionGuid = {BEB9925F-BB15-45E2-AB26-2478536D7868}
	EndGlobalSection
EndGlobal
